
Microsoft Visual Studio Solution File, Format Version 12.00
# Visual Studio Version 16
VisualStudioVersion = 16.0.29609.76
MinimumVisualStudioVersion = 10.0.40219.1
Project("{9A19103F-16F7-4668-BE54-9A1E7A4F7556}") = "TravelAgency", "Server\TravelAgency.csproj", "{A55717FF-5B15-401E-8A6C-704031499F11}"
EndProject
Project("{9A19103F-16F7-4668-BE54-9A1E7A4F7556}") = "Client", "Client\Client.csproj", "{CD5792FF-9859-4CF2-8EB8-A77E3C243AC5}"
EndProject
Project("{9A19103F-16F7-4668-BE54-9A1E7A4F7556}") = "Airplane", "Airplane\Airplane.csproj", "{5E31C6A1-1F47-45AE-A412-370ED9F440E6}"
EndProject
Project("{9A19103F-16F7-4668-BE54-9A1E7A4F7556}") = "Hotel", "Hotel\Hotel.csproj", "{49F98141-34EB-4AAC-B204-4CDCCD29E782}"
EndProject
Global
	GlobalSection(SolutionConfigurationPlatforms) = preSolution
		Debug|Any CPU = Debug|Any CPU
		Release|Any CPU = Release|Any CPU
	EndGlobalSection
	GlobalSection(ProjectConfigurationPlatforms) = postSolution
		{A55717FF-5B15-401E-8A6C-704031499F11}.Debug|Any CPU.ActiveCfg = Debug|Any CPU
		{A55717FF-5B15-401E-8A6C-704031499F11}.Debug|Any CPU.Build.0 = Debug|Any CPU
		{A55717FF-5B15-401E-8A6C-704031499F11}.Release|Any CPU.ActiveCfg = Release|Any CPU
		{A55717FF-5B15-401E-8A6C-704031499F11}.Release|Any CPU.Build.0 = Release|Any CPU
		{CD5792FF-9859-4CF2-8EB8-A77E3C243AC5}.Debug|Any CPU.ActiveCfg = Debug|Any CPU
		{CD5792FF-9859-4CF2-8EB8-A77E3C243AC5}.Debug|Any CPU.Build.0 = Debug|Any CPU
		{CD5792FF-9859-4CF2-8EB8-A77E3C243AC5}.Release|Any CPU.ActiveCfg = Release|Any CPU
		{CD5792FF-9859-4CF2-8EB8-A77E3C243AC5}.Release|Any CPU.Build.0 = Release|Any CPU
		{5E31C6A1-1F47-45AE-A412-370ED9F440E6}.Debug|Any CPU.ActiveCfg = Debug|Any CPU
		{5E31C6A1-1F47-45AE-A412-370ED9F440E6}.Debug|Any CPU.Build.0 = Debug|Any CPU
		{5E31C6A1-1F47-45AE-A412-370ED9F440E6}.Release|Any CPU.ActiveCfg = Release|Any CPU
		{5E31C6A1-1F47-45AE-A412-370ED9F440E6}.Release|Any CPU.Build.0 = Release|Any CPU
		{49F98141-34EB-4AAC-B204-4CDCCD29E782}.Debug|Any CPU.ActiveCfg = Debug|Any CPU
		{49F98141-34EB-4AAC-B204-4CDCCD29E782}.Debug|Any CPU.Build.0 = Debug|Any CPU
		{49F98141-34EB-4AAC-B204-4CDCCD29E782}.Release|Any CPU.ActiveCfg = Release|Any CPU
		{49F98141-34EB-4AAC-B204-4CDCCD29E782}.Release|Any CPU.Build.0 = Release|Any CPU
	EndGlobalSection
	GlobalSection(SolutionProperties) = preSolution
		HideSolutionNode = FALSE
	EndGlobalSection
	GlobalSection(ExtensibilityGlobals) = postSolution
		SolutionGuid = {54FBEEB4-7EF1-4FC0-BF28-6A05B0DA6102}
	EndGlobalSection
EndGlobal
